
Microsoft Visual Studio Solution File, Format Version 12.00
# Visual Studio Version 16
VisualStudioVersion = 16.0.32510.428
MinimumVisualStudioVersion = 10.0.40219.1
Project("{9A19103F-16F7-4668-BE54-9A1E7A4F7556}") = "projetoFinall", "projetoFinall.csproj", "{9E17793F-787E-42DB-B65A-FA67D89FB94C}"
EndProject
Project("{2150E333-8FDC-42A3-9474-1A3956D46DE8}") = "Repositorio", "Repositorio", "{4BBEDA8D-5860-473A-BA56-53FAE67B6212}"
	ProjectSection(SolutionItems) = preProject
		ContatoRepositorio.cs = ContatoRepositorio.cs
	EndProjectSection
EndProject
Global
	GlobalSection(SolutionConfigurationPlatforms) = preSolution
		Debug|Any CPU = Debug|Any CPU
		Release|Any CPU = Release|Any CPU
	EndGlobalSection
	GlobalSection(ProjectConfigurationPlatforms) = postSolution
		{9E17793F-787E-42DB-B65A-FA67D89FB94C}.Debug|Any CPU.ActiveCfg = Debug|Any CPU
		{9E17793F-787E-42DB-B65A-FA67D89FB94C}.Debug|Any CPU.Build.0 = Debug|Any CPU
		{9E17793F-787E-42DB-B65A-FA67D89FB94C}.Release|Any CPU.ActiveCfg = Release|Any CPU
		{9E17793F-787E-42DB-B65A-FA67D89FB94C}.Release|Any CPU.Build.0 = Release|Any CPU
	EndGlobalSection
	GlobalSection(SolutionProperties) = preSolution
		HideSolutionNode = FALSE
	EndGlobalSection
	GlobalSection(NestedProjects) = preSolution
		{9E17793F-787E-42DB-B65A-FA67D89FB94C} = {4BBEDA8D-5860-473A-BA56-53FAE67B6212}
	EndGlobalSection
	GlobalSection(ExtensibilityGlobals) = postSolution
		SolutionGuid = {DC27C190-2441-4BAE-B379-6A1F294EC9BF}
	EndGlobalSection
EndGlobal
